
Microsoft Visual Studio Solution File, Format Version 12.00
# Visual Studio Version 17
VisualStudioVersion = 17.4.33403.182
MinimumVisualStudioVersion = 10.0.40219.1
Project("{FAE04EC0-301F-11D3-BF4B-00C04F79EFBC}") = "LabCG2", "LabCG2\LabCG2.csproj", "{5009CD41-0F69-4051-9B69-51ADACFD1FAE}"
EndProject
Global
	GlobalSection(SolutionConfigurationPlatforms) = preSolution
		Debug|Any CPU = Debug|Any CPU
		Release|Any CPU = Release|Any CPU
	EndGlobalSection
	GlobalSection(ProjectConfigurationPlatforms) = postSolution
		{5009CD41-0F69-4051-9B69-51ADACFD1FAE}.Debug|Any CPU.ActiveCfg = Debug|Any CPU
		{5009CD41-0F69-4051-9B69-51ADACFD1FAE}.Debug|Any CPU.Build.0 = Debug|Any CPU
		{5009CD41-0F69-4051-9B69-51ADACFD1FAE}.Release|Any CPU.ActiveCfg = Release|Any CPU
		{5009CD41-0F69-4051-9B69-51ADACFD1FAE}.Release|Any CPU.Build.0 = Release|Any CPU
	EndGlobalSection
	GlobalSection(SolutionProperties) = preSolution
		HideSolutionNode = FALSE
	EndGlobalSection
	GlobalSection(ExtensibilityGlobals) = postSolution
		SolutionGuid = {CB23D690-4850-48FA-8316-B9E6B92FC869}
	EndGlobalSection
EndGlobal
